# THIS IS AN AUTOGENERATED FILE. DO NOT EDIT THIS FILE DIRECTLY.
# yarn lockfile v1


"@ckeditor/ckeditor5-alignment@^15.0.0":
  version "15.0.0"
  resolved "https://registry.yarnpkg.com/@ckeditor/ckeditor5-alignment/-/ckeditor5-alignment-15.0.0.tgz#907594af3cd5739e0eec2d8a9d3572c1a44fdbc3"
  integrity sha512-9HbGECYm+lO7ZluK1SJiMxWtfK/ZoQAhFq5Ih0WxpIq/kyGGAUt1Jv5z5rlUWW8v/P0kr0uoJLRo2cllZpcKdg==
  dependencies:
    "@ckeditor/ckeditor5-core" "^15.0.0"
    "@ckeditor/ckeditor5-ui" "^15.0.0"

"@ckeditor/ckeditor5-build-classic@^21.0.0":
  version "21.0.0"
  resolved "https://registry.yarnpkg.com/@ckeditor/ckeditor5-build-classic/-/ckeditor5-build-classic-21.0.0.tgz#f34624fa28edbc4de917eee326db7de1f09c9c63"
  integrity sha512-IYPXmc5Np7SzJVJbGNZk3OZEHnZ/WylbN1aFyfYdKMch9Be8mrCB9QQOqfsAEKD4SjXujYvn1jL0mM/EPZ8ECw==

"@ckeditor/ckeditor5-core@^15.0.0":
  version "15.0.0"
  resolved "https://registry.yarnpkg.com/@ckeditor/ckeditor5-core/-/ckeditor5-core-15.0.0.tgz#891916804c8376f00b93dea0ed3af704725420e8"
  integrity sha512-hZ0Bljc3zAzZjn1XDaPQc+ryTx103QnzFdFxRD6iPHCGhEG4iMiA9tP7yf6yQxZzewv6desAEqVK9gHCFaRxww==
  dependencies:
    "@ckeditor/ckeditor5-engine" "^15.0.0"
    "@ckeditor/ckeditor5-utils" "^15.0.0"
    lodash-es "^4.17.10"

"@ckeditor/ckeditor5-engine@^15.0.0":
  version "15.0.0"
  resolved "https://registry.yarnpkg.com/@ckeditor/ckeditor5-engine/-/ckeditor5-engine-15.0.0.tgz#06c013882657d6bc73e4b99fd85fa77d6bf599c6"
  integrity sha512-6CGzfXmK/tw/fKdXqfp+azpu4fycbrTHKAHmj68we2opGWLvEpuuS/p0g39+PcrMNPYRIVjq+id2676Q6+QZrw==
  dependencies:
    "@ckeditor/ckeditor5-utils" "^15.0.0"
    lodash-es "^4.17.10"

"@ckeditor/ckeditor5-react@^2.1.0":
  version "2.1.0"
  resolved "https://registry.yarnpkg.com/@ckeditor/ckeditor5-react/-/ckeditor5-react-2.1.0.tgz#f612546a5a328899a436d71b72ffd632600049e8"
  integrity sha512-rlHjRKhwP9tNK0Yj2UJShL14mRfxLPgJ+Pv6zTv/Mvmd4wrwGnJf+5ybOAGK92S02hP1cXH+9km+PRO1b4V+ng==
  dependencies:
    prop-types "^15.6.1"

"@ckeditor/ckeditor5-ui@^15.0.0":
  version "15.0.0"
  resolved "https://registry.yarnpkg.com/@ckeditor/ckeditor5-ui/-/ckeditor5-ui-15.0.0.tgz#25252546518cc34a62ad3a08c1136ae78fa7dc38"
  integrity sha512-+gTXxYveLcaYewey2xolqfcIOCSP3AJk45KMG+3GtU2r2JedPMGgbR/DwqdTuY4xxrRNLbPC9Mi9e+19cXcJbQ==
  dependencies:
    "@ckeditor/ckeditor5-core" "^15.0.0"
    "@ckeditor/ckeditor5-utils" "^15.0.0"
    lodash-es "^4.17.10"

"@ckeditor/ckeditor5-utils@^15.0.0":
  version "15.0.0"
  resolved "https://registry.yarnpkg.com/@ckeditor/ckeditor5-utils/-/ckeditor5-utils-15.0.0.tgz#07859a06671acdd64d79dcc5a93c300139bed5c0"
  integrity sha512-eAUYjFusNuj2N8NqGbquMOnSv4wjcO2TuipCP1Rao/FHWX6h+PWBhxnD3J9igRQRvLePYbtQAUAvLeD846JA0A==
  dependencies:
    ckeditor5 "^15.0.0"
    lodash-es "^4.17.10"

ckeditor-build-with-simple-upload-provider-strapi@^1.0.7:
  version "1.0.7"
  resolved "https://registry.yarnpkg.com/ckeditor-build-with-simple-upload-provider-strapi/-/ckeditor-build-with-simple-upload-provider-strapi-1.0.7.tgz#3a59605bfb9954ff6b27f7e18b9fb4eacb54dce4"
  integrity sha512-1zWQHBeeoLOUlt2LPSh3vacPXXzHqDFV1v4mswBI7UDR/a6XlAEVzvuFO5W+7FEz9kuEZfsk/LjkIRvWoSVX1g==
  dependencies:
    "@ckeditor/ckeditor5-alignment" "^15.0.0"

ckeditor5@^15.0.0:
  version "15.0.0"
  resolved "https://registry.yarnpkg.com/ckeditor5/-/ckeditor5-15.0.0.tgz#ec5c6d38505077ee6756deb42d07b3a6c4d9616b"
  integrity sha512-LVrey6xTa+Sm2CvYaicPbW51/fV19fd9EFkhERSvskTSyKelvzLwBlug0PYHS8JFnrdBWjQf5bbdggzFZyVt2w==

"js-tokens@^3.0.0 || ^4.0.0":
  version "4.0.0"
  resolved "https://registry.yarnpkg.com/js-tokens/-/js-tokens-4.0.0.tgz#19203fb59991df98e3a287050d4647cdeaf32499"
  integrity sha512-RdJUflcE3cUzKiMqQgsCu06FPu9UdIJO0beYbPhHN4k6apgJtifcoCtT9bcxOpYBtpD2kCM6Sbzg4CausW/PKQ==

lodash-es@^4.17.10:
  version "4.17.15"
  resolved "https://registry.yarnpkg.com/lodash-es/-/lodash-es-4.17.15.tgz#21bd96839354412f23d7a10340e5eac6ee455d78"
  integrity sha512-rlrc3yU3+JNOpZ9zj5pQtxnx2THmvRykwL4Xlxoa8I9lHBlVbbyPhgyPMioxVZ4NqyxaVVtaJnzsyOidQIhyyQ==

loose-envify@^1.4.0:
  version "1.4.0"
  resolved "https://registry.yarnpkg.com/loose-envify/-/loose-envify-1.4.0.tgz#71ee51fa7be4caec1a63839f7e682d8132d30caf"
  integrity sha512-lyuxPGr/Wfhrlem2CL/UcnUc1zcqKAImBDzukY7Y5F/yQiNdko6+fRLevlw1HgMySw7f611UIY408EtxRSoK3Q==
  dependencies:
    js-tokens "^3.0.0 || ^4.0.0"

object-assign@^4.1.1:
  version "4.1.1"
  resolved "https://registry.yarnpkg.com/object-assign/-/object-assign-4.1.1.tgz#2109adc7965887cfc05cbbd442cac8bfbb360863"
  integrity sha1-IQmtx5ZYh8/AXLvUQsrIv7s2CGM=

prop-types@^15.6.1:
  version "15.7.2"
  resolved "https://registry.yarnpkg.com/prop-types/-/prop-types-15.7.2.tgz#52c41e75b8c87e72b9d9360e0206b99dcbffa6c5"
  integrity sha512-8QQikdH7//R2vurIJSutZ1smHYTcLpRWEOlHnzcWHmBYrOGUysKwSsrC89BCiFj3CbrfJ/nXFdJepOVrY1GCHQ==
  dependencies:
    loose-envify "^1.4.0"
    object-assign "^4.1.1"
    react-is "^16.8.1"

react-is@^16.8.1:
  version "16.13.1"
  resolved "https://registry.yarnpkg.com/react-is/-/react-is-16.13.1.tgz#789729a4dc36de2999dc156dd6c1d9c18cea56a4"
  integrity sha512-24e6ynE2H+OKt4kqsOvNd8kBpV65zoxbA4BVsEOB3ARVWQki/DHzaUoC5KuON/BiccDaCCTZBuOcfZs70kR8bQ==
